PODS:
  - SnapKit (4.2.0)
  - SwiftLint (0.37.0)

DEPENDENCIES:
  - SnapKit (~> 4.2.0)
  - SwiftLint (= 0.37.0)

SPEC REPOS:
  https://github.com/CocoaPods/Specs.git:
    - SnapKit
    - SwiftLint

SPEC CHECKSUMS:
  SnapKit: fe8a619752f3f27075cc9a90244d75c6c3f27e2a
  SwiftLint: c078a14d7d7ade75e5507795d185e3da41d844d2

PODFILE CHECKSUM: 863d5b690af22b251e20be02bffe9f6d22735ce4

COCOAPODS: 1.5.0
